{
  "name": "BookStrore_Express",
  "lockfileVersion": 3,
  "requires": true,
  "packages": {
    "": {
      "dependencies": {
        "lucide-react": "^1.22.0",
        "swiper": "^14.0.1"
      }
    },
    "node_modules/lucide-react": {
      "version": "1.22.0",
      "resolved": "https://registry.npmjs.org/lucide-react/-/lucide-react-1.22.0.tgz",
      "integrity": "sha512-c9o3l0PiNcgOQDW4F31BEYHudE7kgxVt3o30qMl36ZPwTxXlGB4QnLilhERvVM4uh/pl5MDyY1/gzZSYcHDtBg==",
      "license": "ISC",
      "peerDependencies": {
        "react": "^16.5.1 || ^17.0.0 || ^18.0.0 || ^19.0.0"
      }
    },
    "node_modules/react": {
      "version": "19.2.7",
      "resolved": "https://registry.npmjs.org/react/-/react-19.2.7.tgz",
      "integrity": "sha512-HNe9WslTbXmFK8o8cmwgAeJFSBvt1bPdHCVKtaaV+WlAN36mpT4hcRpwbf3fY56ar2oIXzsBpOAiIRHAdY0OlQ==",
      "license": "MIT",
      "peer": true,
      "engines": {
        "node": ">=0.10.0"
      }
    },
    "node_modules/swiper": {
      "version": "14.0.1",
      "resolved": "https://registry.npmjs.org/swiper/-/swiper-14.0.1.tgz",
      "integrity": "sha512-dibQY282S5rn6S9Ba+GTIvofyY4Qujy526a0cPaJnjR2S18Z7HMGKZBr8k/3ukboeKW/ig5h0q//7CYip0MCQw==",
      "funding": [
        {
          "type": "custom",
          "url": "https://sponsors.nolimits4web.com"
        },
        {
          "type": "github",
          "url": "https://github.com/sponsors/nolimits4web"
        }
      ],
      "license": "MIT",
      "engines": {
        "node": ">= 4.7.0"
      }
    }
  }
}
